// !$*UTF8*$!
{
	archiveVersion = 1;
	classes = {
	};
	objectVersion = 56;
	objects = {

/* Begin PBXBuildFile section */
		D697C42928EB1752009A0BB2 /* AppDelegate.swift in Sources */ = {isa = PBXBuildFile; fileRef = D697C42828EB1752009A0BB2 /* AppDelegate.swift */; };
		D697C42B28EB1752009A0BB2 /* SceneDelegate.swift in Sources */ = {isa = PBXBuildFile; fileRef = D697C42A28EB1752009A0BB2 /* SceneDelegate.swift */; };
		D697C42D28EB1752009A0BB2 /* ViewController.swift in Sources */ = {isa = PBXBuildFile; fileRef = D697C42C28EB1752009A0BB2 /* ViewController.swift */; };
		D697C43028EB1752009A0BB2 /* Main.storyboard in Resources */ = {isa = PBXBuildFile; fileRef = D697C42E28EB1752009A0BB2 /* Main.storyboard */; };
		D697C43328EB1752009A0BB2 /* crudTest.xcdatamodeld in Sources */ = {isa = PBXBuildFile; fileRef = D697C43128EB1752009A0BB2 /* crudTest.xcdatamodeld */; };
		D697C43528EB1753009A0BB2 /* Assets.xcassets in Resources */ = {isa = PBXBuildFile; fileRef = D697C43428EB1753009A0BB2 /* Assets.xcassets */; };
		D697C43828EB1753009A0BB2 /* LaunchScreen.storyboard in Resources */ = {isa = PBXBuildFile; fileRef = D697C43628EB1753009A0BB2 /* LaunchScreen.storyboard */; };
		D697C44328EB1753009A0BB2 /* crudTestTests.swift in Sources */ = {isa = PBXBuildFile; fileRef = D697C44228EB1753009A0BB2 /* crudTestTests.swift */; };
		D697C44D28EB1753009A0BB2 /* crudTestUITests.swift in Sources */ = {isa = PBXBuildFile; fileRef = D697C44C28EB1753009A0BB2 /* crudTestUITests.swift */; };
		D697C44F28EB1753009A0BB2 /* crudTestUITestsLaunchTests.swift in Sources */ = {isa = PBXBuildFile; fileRef = D697C44E28EB1753009A0BB2 /* crudTestUITestsLaunchTests.swift */; };
		D697C46628EB48F4009A0BB2 /* AddStudentVC.swift in Sources */ = {isa = PBXBuildFile; fileRef = D697C46528EB48F4009A0BB2 /* AddStudentVC.swift */; };
		D697C46828EB49A9009A0BB2 /* DBManager.swift in Sources */ = {isa = PBXBuildFile; fileRef = D697C46728EB49A9009A0BB2 /* DBManager.swift */; };
		D6D1B8C128EB907600C2FE27 /* Student+CoreDataClass.swift in Sources */ = {isa = PBXBuildFile; fileRef = D6D1B8BF28EB907600C2FE27 /* Student+CoreDataClass.swift */; };
		D6D1B8C228EB907600C2FE27 /* Student+CoreDataProperties.swift in Sources */ = {isa = PBXBuildFile; fileRef = D6D1B8C028EB907600C2FE27 /* Student+CoreDataProperties.swift */; };
/* End PBXBuildFile section */

/* Begin PBXContainerItemProxy section */
		D697C43F28EB1753009A0BB2 /* PBXContainerItemProxy */ = {
			isa = PBXContainerItemProxy;
			containerPortal = D697C41D28EB1752009A0BB2 /* Project object */;
			proxyType = 1;
			remoteGlobalIDString = D697C42428EB1752009A0BB2;
			remoteInfo = crudTest;
		};
		D697C44928EB1753009A0BB2 /* PBXContainerItemProxy */ = {
			isa = PBXContainerItemProxy;
			containerPortal = D697C41D28EB1752009A0BB2 /* Project object */;
			proxyType = 1;
			remoteGlobalIDString = D697C42428EB1752009A0BB2;
			remoteInfo = crudTest;
		};
/* End PBXContainerItemProxy section */

/* Begin PBXFileReference section */
		D697C42528EB1752009A0BB2 /* crudTest.app */ = {isa = PBXFileReference; explicitFileType = wrapper.application; includeInIndex = 0; path = crudTest.app; sourceTree = BUILT_PRODUCTS_DIR; };
		D697C42828EB1752009A0BB2 /* AppDelegate.swift */ = {isa = PBXFileReference; lastKnownFileType = sourcecode.swift; path = AppDelegate.swift; sourceTree = "<group>"; };
		D697C42A28EB1752009A0BB2 /* SceneDelegate.swift */ = {isa = PBXFileReference; lastKnownFileType = sourcecode.swift; path = SceneDelegate.swift; sourceTree = "<group>"; };
		D697C42C28EB1752009A0BB2 /* ViewController.swift */ = {isa = PBXFileReference; lastKnownFileType = sourcecode.swift; path = ViewController.swift; sourceTree = "<group>"; };
		D697C42F28EB1752009A0BB2 /* Base */ = {isa = PBXFileReference; lastKnownFileType = file.storyboard; name = Base; path = Base.lproj/Main.storyboard; sourceTree = "<group>"; };
		D697C43228EB1752009A0BB2 /* crudTest.xcdatamodel */ = {isa = PBXFileReference; lastKnownFileType = wrapper.xcdatamodel; path = crudTest.xcdatamodel; sourceTree = "<group>"; };
		D697C43428EB1753009A0BB2 /* Assets.xcassets */ = {isa = PBXFileReference; lastKnownFileType = folder.assetcatalog; path = Assets.xcassets; sourceTree = "<group>"; };
		D697C43728EB1753009A0BB2 /* Base */ = {isa = PBXFileReference; lastKnownFileType = file.storyboard; name = Base; path = Base.lproj/LaunchScreen.storyboard; sourceTree = "<group>"; };
		D697C43928EB1753009A0BB2 /* Info.plist */ = {isa = PBXFileReference; lastKnownFileType = text.plist.xml; path = Info.plist; sourceTree = "<group>"; };
		D697C43E28EB1753009A0BB2 /* crudTestTests.xctest */ = {isa = PBXFileReference; explicitFileType = wrapper.cfbundle; includeInIndex = 0; path = crudTestTests.xctest; sourceTree = BUILT_PRODUCTS_DIR; };
		D697C44228EB1753009A0BB2 /* crudTestTests.swift */ = {isa = PBXFileReference; lastKnownFileType = sourcecode.swift; path = crudTestTests.swift; sourceTree = "<group>"; };
		D697C44828EB1753009A0BB2 /* crudTestUITests.xctest */ = {isa = PBXFileReference; explicitFileType = wrapper.cfbundle; includeInIndex = 0; path = crudTestUITests.xctest; sourceTree = BUILT_PRODUCTS_DIR; };
		D697C44C28EB1753009A0BB2 /* crudTestUITests.swift */ = {isa = PBXFileReference; lastKnownFileType = sourcecode.swift; path = crudTestUITests.swift; sourceTree = "<group>"; };
		D697C44E28EB1753009A0BB2 /* crudTestUITestsLaunchTests.swift */ = {isa = PBXFileReference; lastKnownFileType = sourcecode.swift; path = crudTestUITestsLaunchTests.swift; sourceTree = "<group>"; };
		D697C46528EB48F4009A0BB2 /* AddStudentVC.swift */ = {isa = PBXFileReference; lastKnownFileType = sourcecode.swift; path = AddStudentVC.swift; sourceTree = "<group>"; };
		D697C46728EB49A9009A0BB2 /* DBManager.swift */ = {isa = PBXFileReference; lastKnownFileType = sourcecode.swift; path = DBManager.swift; sourceTree = "<group>"; };
		D6D1B8BF28EB907600C2FE27 /* Student+CoreDataClass.swift */ = {isa = PBXFileReference; lastKnownFileType = sourcecode.swift; path = "Student+CoreDataClass.swift"; sourceTree = SOURCE_ROOT; };
		D6D1B8C028EB907600C2FE27 /* Student+CoreDataProperties.swift */ = {isa = PBXFileReference; lastKnownFileType = sourcecode.swift; path = "Student+CoreDataProperties.swift"; sourceTree = SOURCE_ROOT; };
/* End PBXFileReference section */

/* Begin PBXFrameworksBuildPhase section */
		D697C42228EB1752009A0BB2 /* Frameworks */ = {
			isa = PBXFrameworksBuildPhase;
			buildActionMask = 2147483647;
			files = (
			);
			runOnlyForDeploymentPostprocessing = 0;
		};
		D697C43B28EB1753009A0BB2 /* Frameworks */ = {
			isa = PBXFrameworksBuildPhase;
			buildActionMask = 2147483647;
			files = (
			);
			runOnlyForDeploymentPostprocessing = 0;
		};
		D697C44528EB1753009A0BB2 /* Frameworks */ = {
			isa = PBXFrameworksBuildPhase;
			buildActionMask = 2147483647;
			files = (
			);
			runOnlyForDeploymentPostprocessing = 0;
		};
/* End PBXFrameworksBuildPhase section */

/* Begin PBXGroup section */
		D697C41C28EB1752009A0BB2 = {
			isa = PBXGroup;
			children = (
				D697C42728EB1752009A0BB2 /* crudTest */,
				D697C44128EB1753009A0BB2 /* crudTestTests */,
				D697C44B28EB1753009A0BB2 /* crudTestUITests */,
				D697C42628EB1752009A0BB2 /* Products */,
			);
			sourceTree = "<group>";
		};
		D697C42628EB1752009A0BB2 /* Products */ = {
			isa = PBXGroup;
			children = (
				D697C42528EB1752009A0BB2 /* crudTest.app */,
				D697C43E28EB1753009A0BB2 /* crudTestTests.xctest */,
				D697C44828EB1753009A0BB2 /* crudTestUITests.xctest */,
			);
			name = Products;
			sourceTree = "<group>";
		};
		D697C42728EB1752009A0BB2 /* crudTest */ = {
			isa = PBXGroup;
			children = (
				D6D1B8BF28EB907600C2FE27 /* Student+CoreDataClass.swift */,
				D6D1B8C028EB907600C2FE27 /* Student+CoreDataProperties.swift */,
				D697C42828EB1752009A0BB2 /* AppDelegate.swift */,
				D697C42A28EB1752009A0BB2 /* SceneDelegate.swift */,
				D697C42C28EB1752009A0BB2 /* ViewController.swift */,
				D697C42E28EB1752009A0BB2 /* Main.storyboard */,
				D697C43428EB1753009A0BB2 /* Assets.xcassets */,
				D697C43628EB1753009A0BB2 /* LaunchScreen.storyboard */,
				D697C43928EB1753009A0BB2 /* Info.plist */,
				D697C43128EB1752009A0BB2 /* crudTest.xcdatamodeld */,
				D697C46528EB48F4009A0BB2 /* AddStudentVC.swift */,
				D697C46728EB49A9009A0BB2 /* DBManager.swift */,
			);
			path = crudTest;
			sourceTree = "<group>";
		};
		D697C44128EB1753009A0BB2 /* crudTestTests */ = {
			isa = PBXGroup;
			children = (
				D697C44228EB1753009A0BB2 /* crudTestTests.swift */,
			);
			path = crudTestTests;
			sourceTree = "<group>";
		};
		D697C44B28EB1753009A0BB2 /* crudTestUITests */ = {
			isa = PBXGroup;
			children = (
				D697C44C28EB1753009A0BB2 /* crudTestUITests.swift */,
				D697C44E28EB1753009A0BB2 /* crudTestUITestsLaunchTests.swift */,
			);
			path = crudTestUITests;
			sourceTree = "<group>";
		};
/* End PBXGroup section */

/* Begin PBXNativeTarget section */
		D697C42428EB1752009A0BB2 /* crudTest */ = {
			isa = PBXNativeTarget;
			buildConfigurationList = D697C45228EB1753009A0BB2 /* Build configuration list for PBXNativeTarget "crudTest" */;
			buildPhases = (
				D697C42128EB1752009A0BB2 /* Sources */,
				D697C42228EB1752009A0BB2 /* Frameworks */,
				D697C42328EB1752009A0BB2 /* Resources */,
			);
			buildRules = (
			);
			dependencies = (
			);
			name = crudTest;
			productName = crudTest;
			productReference = D697C42528EB1752009A0BB2 /* crudTest.app */;
			productType = "com.apple.product-type.application";
		};
		D697C43D28EB1753009A0BB2 /* crudTestTests */ = {
			isa = PBXNativeTarget;
			buildConfigurationList = D697C45528EB1753009A0BB2 /* Build configuration list for PBXNativeTarget "crudTestTests" */;
			buildPhases = (
				D697C43A28EB1753009A0BB2 /* Sources */,
				D697C43B28EB1753009A0BB2 /* Frameworks */,
				D697C43C28EB1753009A0BB2 /* Resources */,
			);
			buildRules = (
			);
			dependencies = (
				D697C44028EB1753009A0BB2 /* PBXTargetDependency */,
			);
			name = crudTestTests;
			productName = crudTestTests;
			productReference = D697C43E28EB1753009A0BB2 /* crudTestTests.xctest */;
			productType = "com.apple.product-type.bundle.unit-test";
		};
		D697C44728EB1753009A0BB2 /* crudTestUITests */ = {
			isa = PBXNativeTarget;
			buildConfigurationList = D697C45828EB1753009A0BB2 /* Build configuration list for PBXNativeTarget "crudTestUITests" */;
			buildPhases = (
				D697C44428EB1753009A0BB2 /* Sources */,
				D697C44528EB1753009A0BB2 /* Frameworks */,
				D697C44628EB1753009A0BB2 /* Resources */,
			);
			buildRules = (
			);
			dependencies = (
				D697C44A28EB1753009A0BB2 /* PBXTargetDependency */,
			);
			name = crudTestUITests;
			productName = crudTestUITests;
			productReference = D697C44828EB1753009A0BB2 /* crudTestUITests.xctest */;
			productType = "com.apple.product-type.bundle.ui-testing";
		};
/* End PBXNativeTarget section */

/* Begin PBXProject section */
		D697C41D28EB1752009A0BB2 /* Project object */ = {
			isa = PBXProject;
			attributes = {
				BuildIndependentTargetsInParallel = 1;
				LastSwiftUpdateCheck = 1400;
				LastUpgradeCheck = 1400;
				TargetAttributes = {
					D697C42428EB1752009A0BB2 = {
						CreatedOnToolsVersion = 14.0.1;
					};
					D697C43D28EB1753009A0BB2 = {
						CreatedOnToolsVersion = 14.0.1;
						TestTargetID = D697C42428EB1752009A0BB2;
					};
					D697C44728EB1753009A0BB2 = {
						CreatedOnToolsVersion = 14.0.1;
						TestTargetID = D697C42428EB1752009A0BB2;
					};
				};
			};
			buildConfigurationList = D697C42028EB1752009A0BB2 /* Build configuration list for PBXProject "crudTest" */;
			compatibilityVersion = "Xcode 14.0";
			developmentRegion = en;
			hasScannedForEncodings = 0;
			knownRegions = (
				en,
				Base,
			);
			mainGroup = D697C41C28EB1752009A0BB2;
			productRefGroup = D697C42628EB1752009A0BB2 /* Products */;
			projectDirPath = "";
			projectRoot = "";
			targets = (
				D697C42428EB1752009A0BB2 /* crudTest */,
				D697C43D28EB1753009A0BB2 /* crudTestTests */,
				D697C44728EB1753009A0BB2 /* crudTestUITests */,
			);
		};
/* End PBXProject section */

/* Begin PBXResourcesBuildPhase section */
		D697C42328EB1752009A0BB2 /* Resources */ = {
			isa = PBXResourcesBuildPhase;
			buildActionMask = 2147483647;
			files = (
				D697C43828EB1753009A0BB2 /* LaunchScreen.storyboard in Resources */,
				D697C43528EB1753009A0BB2 /* Assets.xcassets in Resources */,
				D697C43028EB1752009A0BB2 /* Main.storyboard in Resources */,
			);
			runOnlyForDeploymentPostprocessing = 0;
		};
		D697C43C28EB1753009A0BB2 /* Resources */ = {
			isa = PBXResourcesBuildPhase;
			buildActionMask = 2147483647;
			files = (
			);
			runOnlyForDeploymentPostprocessing = 0;
		};
		D697C44628EB1753009A0BB2 /* Resources */ = {
			isa = PBXResourcesBuildPhase;
			buildActionMask = 2147483647;
			files = (
			);
			runOnlyForDeploymentPostprocessing = 0;
		};
/* End PBXResourcesBuildPhase section */

/* Begin PBXSourcesBuildPhase section */
		D697C42128EB1752009A0BB2 /* Sources */ = {
			isa = PBXSourcesBuildPhase;
			buildActionMask = 2147483647;
			files = (
				D697C42D28EB1752009A0BB2 /* ViewController.swift in Sources */,
				D697C46828EB49A9009A0BB2 /* DBManager.swift in Sources */,
				D6D1B8C228EB907600C2FE27 /* Student+CoreDataProperties.swift in Sources */,
				D697C46628EB48F4009A0BB2 /* AddStudentVC.swift in Sources */,
				D6D1B8C128EB907600C2FE27 /* Student+CoreDataClass.swift in Sources */,
				D697C42928EB1752009A0BB2 /* AppDelegate.swift in Sources */,
				D697C42B28EB1752009A0BB2 /* SceneDelegate.swift in Sources */,
				D697C43328EB1752009A0BB2 /* crudTest.xcdatamodeld in Sources */,
			);
			runOnlyForDeploymentPostprocessing = 0;
		};
		D697C43A28EB1753009A0BB2 /* Sources */ = {
			isa = PBXSourcesBuildPhase;
			buildActionMask = 2147483647;
			files = (
				D697C44328EB1753009A0BB2 /* crudTestTests.swift in Sources */,
			);
			runOnlyForDeploymentPostprocessing = 0;
		};
		D697C44428EB1753009A0BB2 /* Sources */ = {
			isa = PBXSourcesBuildPhase;
			buildActionMask = 2147483647;
			files = (
				D697C44F28EB1753009A0BB2 /* crudTestUITestsLaunchTests.swift in Sources */,
				D697C44D28EB1753009A0BB2 /* crudTestUITests.swift in Sources */,
			);
			runOnlyForDeploymentPostprocessing = 0;
		};
/* End PBXSourcesBuildPhase section */

/* Begin PBXTargetDependency section */
		D697C44028EB1753009A0BB2 /* PBXTargetDependency */ = {
			isa = PBXTargetDependency;
			target = D697C42428EB1752009A0BB2 /* crudTest */;
			targetProxy = D697C43F28EB1753009A0BB2 /* PBXContainerItemProxy */;
		};
		D697C44A28EB1753009A0BB2 /* PBXTargetDependency */ = {
			isa = PBXTargetDependency;
			target = D697C42428EB1752009A0BB2 /* crudTest */;
			targetProxy = D697C44928EB1753009A0BB2 /* PBXContainerItemProxy */;
		};
/* End PBXTargetDependency section */

/* Begin PBXVariantGroup section */
		D697C42E28EB1752009A0BB2 /* Main.storyboard */ = {
			isa = PBXVariantGroup;
			children = (
				D697C42F28EB1752009A0BB2 /* Base */,
			);
			name = Main.storyboard;
			sourceTree = "<group>";
		};
		D697C43628EB1753009A0BB2 /* LaunchScreen.storyboard */ = {
			isa = PBXVariantGroup;
			children = (
				D697C43728EB1753009A0BB2 /* Base */,
			);
			name = LaunchScreen.storyboard;
			sourceTree = "<group>";
		};
/* End PBXVariantGroup section */

/* Begin XCBuildConfiguration section */
		D697C45028EB1753009A0BB2 /* Debug */ = {
			isa = XCBuildConfiguration;
			buildSettings = {
				ALWAYS_SEARCH_USER_PATHS = NO;
				CLANG_ANALYZER_NONNULL = YES;
				CLANG_ANALYZER_NUMBER_OBJECT_CONVERSION = YES_AGGRESSIVE;
				CLANG_CXX_LANGUAGE_STANDARD = "gnu++20";
				CLANG_ENABLE_MODULES = YES;
				CLANG_ENABLE_OBJC_ARC = YES;
				CLANG_ENABLE_OBJC_WEAK = YES;
				CLANG_WARN_BLOCK_CAPTURE_AUTORELEASING = YES;
				CLANG_WARN_BOOL_CONVERSION = YES;
				CLANG_WARN_COMMA = YES;
				CLANG_WARN_CONSTANT_CONVERSION = YES;
				CLANG_WARN_DEPRECATED_OBJC_IMPLEMENTATIONS = YES;
				CLANG_WARN_DIRECT_OBJC_ISA_USAGE = YES_ERROR;
				CLANG_WARN_DOCUMENTATION_COMMENTS = YES;
				CLANG_WARN_EMPTY_BODY = YES;
				CLANG_WARN_ENUM_CONVERSION = YES;
				CLANG_WARN_INFINITE_RECURSION = YES;
				CLANG_WARN_INT_CONVERSION = YES;
				CLANG_WARN_NON_LITERAL_NULL_CONVERSION = YES;
				CLANG_WARN_OBJC_IMPLICIT_RETAIN_SELF = YES;
				CLANG_WARN_OBJC_LITERAL_CONVERSION = YES;
				CLANG_WARN_OBJC_ROOT_CLASS = YES_ERROR;
				CLANG_WARN_QUOTED_INCLUDE_IN_FRAMEWORK_HEADER = YES;
				CLANG_WARN_RANGE_LOOP_ANALYSIS = YES;
				CLANG_WARN_STRICT_PROTOTYPES = YES;
				CLANG_WARN_SUSPICIOUS_MOVE = YES;
				CLANG_WARN_UNGUARDED_AVAILABILITY = YES_AGGRESSIVE;
				CLANG_WARN_UNREACHABLE_CODE = YES;
				CLANG_WARN__DUPLICATE_METHOD_MATCH = YES;
				COPY_PHASE_STRIP = NO;
				DEBUG_INFORMATION_FORMAT = dwarf;
				ENABLE_STRICT_OBJC_MSGSEND = YES;
				ENABLE_TESTABILITY = YES;
				GCC_C_LANGUAGE_STANDARD = gnu11;
				GCC_DYNAMIC_NO_PIC = NO;
				GCC_NO_COMMON_BLOCKS = YES;
				GCC_OPTIMIZATION_LEVEL = 0;
				GCC_PREPROCESSOR_DEFINITIONS = (
					"DEBUG=1",
					"$(inherited)",
				);
				GCC_WARN_64_TO_32_BIT_CONVERSION = YES;
				GCC_WARN_ABOUT_RETURN_TYPE = YES_ERROR;
				GCC_WARN_UNDECLARED_SELECTOR = YES;
				GCC_WARN_UNINITIALIZED_AUTOS = YES_AGGRESSIVE;
				GCC_WARN_UNUSED_FUNCTION = YES;
				GCC_WARN_UNUSED_VARIABLE = YES;
				IPHONEOS_DEPLOYMENT_TARGET = 16.0;
				MTL_ENABLE_DEBUG_INFO = INCLUDE_SOURCE;
				MTL_FAST_MATH = YES;
				ONLY_ACTIVE_ARCH = YES;
				SDKROOT = iphoneos;
				SWIFT_ACTIVE_COMPILATION_CONDITIONS = DEBUG;
				SWIFT_OPTIMIZATION_LEVEL = "-Onone";
			};
			name = Debug;
		};
		D697C45128EB1753009A0BB2 /* Release */ = {
			isa = XCBuildConfiguration;
			buildSettings = {
				ALWAYS_SEARCH_USER_PATHS = NO;
				CLANG_ANALYZER_NONNULL = YES;
				CLANG_ANALYZER_NUMBER_OBJECT_CONVERSION = YES_AGGRESSIVE;
				CLANG_CXX_LANGUAGE_STANDARD = "gnu++20";
				CLANG_ENABLE_MODULES = YES;
				CLANG_ENABLE_OBJC_ARC = YES;
				CLANG_ENABLE_OBJC_WEAK = YES;
				CLANG_WARN_BLOCK_CAPTURE_AUTORELEASING = YES;
				CLANG_WARN_BOOL_CONVERSION = YES;
				CLANG_WARN_COMMA = YES;
				CLANG_WARN_CONSTANT_CONVERSION = YES;
				CLANG_WARN_DEPRECATED_OBJC_IMPLEMENTATIONS = YES;
				CLANG_WARN_DIRECT_OBJC_ISA_USAGE = YES_ERROR;
				CLANG_WARN_DOCUMENTATION_COMMENTS = YES;
				CLANG_WARN_EMPTY_BODY = YES;
				CLANG_WARN_ENUM_CONVERSION = YES;
				CLANG_WARN_INFINITE_RECURSION = YES;
				CLANG_WARN_INT_CONVERSION = YES;
				CLANG_WARN_NON_LITERAL_NULL_CONVERSION = YES;
				CLANG_WARN_OBJC_IMPLICIT_RETAIN_SELF = YES;
				CLANG_WARN_OBJC_LITERAL_CONVERSION = YES;
				CLANG_WARN_OBJC_ROOT_CLASS = YES_ERROR;
				CLANG_WARN_QUOTED_INCLUDE_IN_FRAMEWORK_HEADER = YES;
				CLANG_WARN_RANGE_LOOP_ANALYSIS = YES;
				CLANG_WARN_STRICT_PROTOTYPES = YES;
				CLANG_WARN_SUSPICIOUS_MOVE = YES;
				CLANG_WARN_UNGUARDED_AVAILABILITY = YES_AGGRESSIVE;
				CLANG_WARN_UNREACHABLE_CODE = YES;
				CLANG_WARN__DUPLICATE_METHOD_MATCH = YES;
				COPY_PHASE_STRIP = NO;
				DEBUG_INFORMATION_FORMAT = "dwarf-with-dsym";
				ENABLE_NS_ASSERTIONS = NO;
				ENABLE_STRICT_OBJC_MSGSEND = YES;
				GCC_C_LANGUAGE_STANDARD = gnu11;
				GCC_NO_COMMON_BLOCKS = YES;
				GCC_WARN_64_TO_32_BIT_CONVERSION = YES;
				GCC_WARN_ABOUT_RETURN_TYPE = YES_ERROR;
				GCC_WARN_UNDECLARED_SELECTOR = YES;
				GCC_WARN_UNINITIALIZED_AUTOS = YES_AGGRESSIVE;
				GCC_WARN_UNUSED_FUNCTION = YES;
				GCC_WARN_UNUSED_VARIABLE = YES;
				IPHONEOS_DEPLOYMENT_TARGET = 16.0;
				MTL_ENABLE_DEBUG_INFO = NO;
				MTL_FAST_MATH = YES;
				SDKROOT = iphoneos;
				SWIFT_COMPILATION_MODE = wholemodule;
				SWIFT_OPTIMIZATION_LEVEL = "-O";
				VALIDATE_PRODUCT = YES;
			};
			name = Release;
		};
		D697C45328EB1753009A0BB2 /* Debug */ = {
			isa = XCBuildConfiguration;
			buildSettings = {
				ASSETCATALOG_COMPILER_APPICON_NAME = AppIcon;
				ASSETCATALOG_COMPILER_GLOBAL_ACCENT_COLOR_NAME = AccentColor;
				CODE_SIGN_STYLE = Automatic;
				CURRENT_PROJECT_VERSION = 1;
				DEVELOPMENT_TEAM = MCC2B4P5MZ;
				GENERATE_INFOPLIST_FILE = YES;
				INFOPLIST_FILE = crudTest/Info.plist;
				INFOPLIST_KEY_UIApplicationSupportsIndirectInputEvents = YES;
				INFOPLIST_KEY_UILaunchStoryboardName = LaunchScreen;
				INFOPLIST_KEY_UIMainStoryboardFile = Main;
				INFOPLIST_KEY_UISupportedInterfaceOrientations_iPad = "UIInterfaceOrientationPortrait UIInterfaceOrientationPortraitUpsideDown UIInterfaceOrientationLandscapeLeft UIInterfaceOrientationLandscapeRight";
				INFOPLIST_KEY_UISupportedInterfaceOrientations_iPhone = "UIInterfaceOrientationPortrait UIInterfaceOrientationLandscapeLeft UIInterfaceOrientationLandscapeRight";
				LD_RUNPATH_SEARCH_PATHS = (
					"$(inherited)",
					"@executable_path/Frameworks",
				);
				MARKETING_VERSION = 1.0;
				PRODUCT_BUNDLE_IDENTIFIER = Copland.crudTest;
				PRODUCT_NAME = "$(TARGET_NAME)";
				SWIFT_EMIT_LOC_STRINGS = YES;
				SWIFT_VERSION = 5.0;
				TARGETED_DEVICE_FAMILY = "1,2";
			};
			name = Debug;
		};
		D697C45428EB1753009A0BB2 /* Release */ = {
			isa = XCBuildConfiguration;
			buildSettings = {
				ASSETCATALOG_COMPILER_APPICON_NAME = AppIcon;
				ASSETCATALOG_COMPILER_GLOBAL_ACCENT_COLOR_NAME = AccentColor;
				CODE_SIGN_STYLE = Automatic;
				CURRENT_PROJECT_VERSION = 1;
				DEVELOPMENT_TEAM = MCC2B4P5MZ;
				GENERATE_INFOPLIST_FILE = YES;
				INFOPLIST_FILE = crudTest/Info.plist;
				INFOPLIST_KEY_UIApplicationSupportsIndirectInputEvents = YES;
				INFOPLIST_KEY_UILaunchStoryboardName = LaunchScreen;
				INFOPLIST_KEY_UIMainStoryboardFile = Main;
				INFOPLIST_KEY_UISupportedInterfaceOrientations_iPad = "UIInterfaceOrientationPortrait UIInterfaceOrientationPortraitUpsideDown UIInterfaceOrientationLandscapeLeft UIInterfaceOrientationLandscapeRight";
				INFOPLIST_KEY_UISupportedInterfaceOrientations_iPhone = "UIInterfaceOrientationPortrait UIInterfaceOrientationLandscapeLeft UIInterfaceOrientationLandscapeRight";
				LD_RUNPATH_SEARCH_PATHS = (
					"$(inherited)",
					"@executable_path/Frameworks",
				);
				MARKETING_VERSION = 1.0;
				PRODUCT_BUNDLE_IDENTIFIER = Copland.crudTest;
				PRODUCT_NAME = "$(TARGET_NAME)";
				SWIFT_EMIT_LOC_STRINGS = YES;
				SWIFT_VERSION = 5.0;
				TARGETED_DEVICE_FAMILY = "1,2";
			};
			name = Release;
		};
		D697C45628EB1753009A0BB2 /* Debug */ = {
			isa = XCBuildConfiguration;
			buildSettings = {
				ALWAYS_EMBED_SWIFT_STANDARD_LIBRARIES = YES;
				BUNDLE_LOADER = "$(TEST_HOST)";
				CODE_SIGN_STYLE = Automatic;
				CURRENT_PROJECT_VERSION = 1;
				DEVELOPMENT_TEAM = MCC2B4P5MZ;
				GENERATE_INFOPLIST_FILE = YES;
				IPHONEOS_DEPLOYMENT_TARGET = 16.0;
				MARKETING_VERSION = 1.0;
				PRODUCT_BUNDLE_IDENTIFIER = Copland.crudTestTests;
				PRODUCT_NAME = "$(TARGET_NAME)";
				SWIFT_EMIT_LOC_STRINGS = NO;
				SWIFT_VERSION = 5.0;
				TARGETED_DEVICE_FAMILY = "1,2";
				TEST_HOST = "$(BUILT_PRODUCTS_DIR)/crudTest.app/$(BUNDLE_EXECUTABLE_FOLDER_PATH)/crudTest";
			};
			name = Debug;
		};
		D697C45728EB1753009A0BB2 /* Release */ = {
			isa = XCBuildConfiguration;
			buildSettings = {
				ALWAYS_EMBED_SWIFT_STANDARD_LIBRARIES = YES;
				BUNDLE_LOADER = "$(TEST_HOST)";
				CODE_SIGN_STYLE = Automatic;
				CURRENT_PROJECT_VERSION = 1;
				DEVELOPMENT_TEAM = MCC2B4P5MZ;
				GENERATE_INFOPLIST_FILE = YES;
				IPHONEOS_DEPLOYMENT_TARGET = 16.0;
				MARKETING_VERSION = 1.0;
				PRODUCT_BUNDLE_IDENTIFIER = Copland.crudTestTests;
				PRODUCT_NAME = "$(TARGET_NAME)";
				SWIFT_EMIT_LOC_STRINGS = NO;
				SWIFT_VERSION = 5.0;
				TARGETED_DEVICE_FAMILY = "1,2";
				TEST_HOST = "$(BUILT_PRODUCTS_DIR)/crudTest.app/$(BUNDLE_EXECUTABLE_FOLDER_PATH)/crudTest";
			};
			name = Release;
		};
		D697C45928EB1753009A0BB2 /* Debug */ = {
			isa = XCBuildConfiguration;
			buildSettings = {
				ALWAYS_EMBED_SWIFT_STANDARD_LIBRARIES = YES;
				CODE_SIGN_STYLE = Automatic;
				CURRENT_PROJECT_VERSION = 1;
				DEVELOPMENT_TEAM = MCC2B4P5MZ;
				GENERATE_INFOPLIST_FILE = YES;
				MARKETING_VERSION = 1.0;
				PRODUCT_BUNDLE_IDENTIFIER = Copland.crudTestUITests;
				PRODUCT_NAME = "$(TARGET_NAME)";
				SWIFT_EMIT_LOC_STRINGS = NO;
				SWIFT_VERSION = 5.0;
				TARGETED_DEVICE_FAMILY = "1,2";
				TEST_TARGET_NAME = crudTest;
			};
			name = Debug;
		};
		D697C45A28EB1753009A0BB2 /* Release */ = {
			isa = XCBuildConfiguration;
			buildSettings = {
				ALWAYS_EMBED_SWIFT_STANDARD_LIBRARIES = YES;
				CODE_SIGN_STYLE = Automatic;
				CURRENT_PROJECT_VERSION = 1;
				DEVELOPMENT_TEAM = MCC2B4P5MZ;
				GENERATE_INFOPLIST_FILE = YES;
				MARKETING_VERSION = 1.0;
				PRODUCT_BUNDLE_IDENTIFIER = Copland.crudTestUITests;
				PRODUCT_NAME = "$(TARGET_NAME)";
				SWIFT_EMIT_LOC_STRINGS = NO;
				SWIFT_VERSION = 5.0;
				TARGETED_DEVICE_FAMILY = "1,2";
				TEST_TARGET_NAME = crudTest;
			};
			name = Release;
		};
/* End XCBuildConfiguration section */

/* Begin XCConfigurationList section */
		D697C42028EB1752009A0BB2 /* Build configuration list for PBXProject "crudTest" */ = {
			isa = XCConfigurationList;
			buildConfigurations = (
				D697C45028EB1753009A0BB2 /* Debug */,
				D697C45128EB1753009A0BB2 /* Release */,
			);
			defaultConfigurationIsVisible = 0;
			defaultConfigurationName = Release;
		};
		D697C45228EB1753009A0BB2 /* Build configuration list for PBXNativeTarget "crudTest" */ = {
			isa = XCConfigurationList;
			buildConfigurations = (
				D697C45328EB1753009A0BB2 /* Debug */,
				D697C45428EB1753009A0BB2 /* Release */,
			);
			defaultConfigurationIsVisible = 0;
			defaultConfigurationName = Release;
		};
		D697C45528EB1753009A0BB2 /* Build configuration list for PBXNativeTarget "crudTestTests" */ = {
			isa = XCConfigurationList;
			buildConfigurations = (
				D697C45628EB1753009A0BB2 /* Debug */,
				D697C45728EB1753009A0BB2 /* Release */,
			);
			defaultConfigurationIsVisible = 0;
			defaultConfigurationName = Release;
		};
		D697C45828EB1753009A0BB2 /* Build configuration list for PBXNativeTarget "crudTestUITests" */ = {
			isa = XCConfigurationList;
			buildConfigurations = (
				D697C45928EB1753009A0BB2 /* Debug */,
				D697C45A28EB1753009A0BB2 /* Release */,
			);
			defaultConfigurationIsVisible = 0;
			defaultConfigurationName = Release;
		};
/* End XCConfigurationList section */

/* Begin XCVersionGroup section */
		D697C43128EB1752009A0BB2 /* crudTest.xcdatamodeld */ = {
			isa = XCVersionGroup;
			children = (
				D697C43228EB1752009A0BB2 /* crudTest.xcdatamodel */,
			);
			currentVersion = D697C43228EB1752009A0BB2 /* crudTest.xcdatamodel */;
			path = crudTest.xcdatamodeld;
			sourceTree = "<group>";
			versionGroupType = wrapper.xcdatamodel;
		};
/* End XCVersionGroup section */
	};
	rootObject = D697C41D28EB1752009A0BB2 /* Project object */;
}
